Microsoft Visual Studio Solution File, Format Version 12.00
# Visual Studio 2012
Project("{FAE04EC0-301F-11D3-BF4B-00C04F79EFBC}") = "AxeBoy", "AxeBoy.csproj", "{946E1D0E-4BA8-4AC5-8FC1-D3054D047081}"
EndProject
Global
	GlobalSection(SolutionConfigurationPlatforms) = preSolution
	Debug|Any CPU = Debug|Any CPU
	ExportDebug|Any CPU = ExportDebug|Any CPU
	ExportRelease|Any CPU = ExportRelease|Any CPU
	EndGlobalSection
	GlobalSection(ProjectConfigurationPlatforms) = postSolution
		{946E1D0E-4BA8-4AC5-8FC1-D3054D047081}.Debug|Any CPU.ActiveCfg = Debug|Any CPU
		{946E1D0E-4BA8-4AC5-8FC1-D3054D047081}.Debug|Any CPU.Build.0 = Debug|Any CPU
		{946E1D0E-4BA8-4AC5-8FC1-D3054D047081}.ExportDebug|Any CPU.ActiveCfg = ExportDebug|Any CPU
		{946E1D0E-4BA8-4AC5-8FC1-D3054D047081}.ExportDebug|Any CPU.Build.0 = ExportDebug|Any CPU
		{946E1D0E-4BA8-4AC5-8FC1-D3054D047081}.ExportRelease|Any CPU.ActiveCfg = ExportRelease|Any CPU
		{946E1D0E-4BA8-4AC5-8FC1-D3054D047081}.ExportRelease|Any CPU.Build.0 = ExportRelease|Any CPU
	EndGlobalSection
EndGlobal
